
Microsoft Visual Studio Solution File, Format Version 12.00
# Visual Studio Version 17
VisualStudioVersion = 17.1.32319.34
MinimumVisualStudioVersion = 10.0.40219.1
Project("{FAE04EC0-301F-11D3-BF4B-00C04F79EFBC}") = "Vista", "Vista\Vista.csproj", "{99001CB6-432D-4DC1-A7DC-F1FED34B3F76}"
EndProject
Project("{FAE04EC0-301F-11D3-BF4B-00C04F79EFBC}") = "Biblioteca", "Biblioteca\Biblioteca.csproj", "{A32A72A6-9360-4F29-9DB4-819F65EF4574}"
EndProject
Global
	GlobalSection(SolutionConfigurationPlatforms) = preSolution
		Debug|Any CPU = Debug|Any CPU
		Release|Any CPU = Release|Any CPU
	EndGlobalSection
	GlobalSection(ProjectConfigurationPlatforms) = postSolution
		{99001CB6-432D-4DC1-A7DC-F1FED34B3F76}.Debug|Any CPU.ActiveCfg = Debug|Any CPU
		{99001CB6-432D-4DC1-A7DC-F1FED34B3F76}.Debug|Any CPU.Build.0 = Debug|Any CPU
		{99001CB6-432D-4DC1-A7DC-F1FED34B3F76}.Release|Any CPU.ActiveCfg = Release|Any CPU
		{99001CB6-432D-4DC1-A7DC-F1FED34B3F76}.Release|Any CPU.Build.0 = Release|Any CPU
		{A32A72A6-9360-4F29-9DB4-819F65EF4574}.Debug|Any CPU.ActiveCfg = Debug|Any CPU
		{A32A72A6-9360-4F29-9DB4-819F65EF4574}.Debug|Any CPU.Build.0 = Debug|Any CPU
		{A32A72A6-9360-4F29-9DB4-819F65EF4574}.Release|Any CPU.ActiveCfg = Release|Any CPU
		{A32A72A6-9360-4F29-9DB4-819F65EF4574}.Release|Any CPU.Build.0 = Release|Any CPU
	EndGlobalSection
	GlobalSection(SolutionProperties) = preSolution
		HideSolutionNode = FALSE
	EndGlobalSection
	GlobalSection(ExtensibilityGlobals) = postSolution
		SolutionGuid = {FFDA7524-DBDA-45E9-8552-036E90C82CA6}
	EndGlobalSection
EndGlobal
